
Microsoft Visual Studio Solution File, Format Version 12.00
# Visual Studio Version 16
VisualStudioVersion = 16.0.32802.440
MinimumVisualStudioVersion = 10.0.40219.1
Project("{FAE04EC0-301F-11D3-BF4B-00C04F79EFBC}") = "Transport", "Transport.csproj", "{CAD9170C-CA22-4E6B-9901-D8CB10B01263}"
EndProject
Global
	GlobalSection(SolutionConfigurationPlatforms) = preSolution
		Debug|Any CPU = Debug|Any CPU
		Release|Any CPU = Release|Any CPU
	EndGlobalSection
	GlobalSection(ProjectConfigurationPlatforms) = postSolution
		{CAD9170C-CA22-4E6B-9901-D8CB10B01263}.Debug|Any CPU.ActiveCfg = Debug|Any CPU
		{CAD9170C-CA22-4E6B-9901-D8CB10B01263}.Debug|Any CPU.Build.0 = Debug|Any CPU
		{CAD9170C-CA22-4E6B-9901-D8CB10B01263}.Release|Any CPU.ActiveCfg = Release|Any CPU
		{CAD9170C-CA22-4E6B-9901-D8CB10B01263}.Release|Any CPU.Build.0 = Release|Any CPU
	EndGlobalSection
	GlobalSection(SolutionProperties) = preSolution
		HideSolutionNode = FALSE
	EndGlobalSection
	GlobalSection(ExtensibilityGlobals) = postSolution
		SolutionGuid = {4D79086F-603A-4D0A-B1A9-A4AD68C32C8F}
	EndGlobalSection
EndGlobal
